
Microsoft Visual Studio Solution File, Format Version 12.00
# Visual Studio 14
VisualStudioVersion = 14.0.25420.1
MinimumVisualStudioVersion = 10.0.40219.1
Project("{FAE04EC0-301F-11D3-BF4B-00C04F79EFBC}") = "Apadana.Web", "Apadana.Web\Apadana.Web.csproj", "{AE13F09B-9D9B-47D9-A921-0029668285A9}"
EndProject
Project("{F088123C-0E9E-452A-89E6-6BA2F21D5CAC}") = "Apadana.Documents", "Apadana.Documents\Apadana.Documents.modelproj", "{C4B0BF3C-768D-48A8-B7B2-0FEB09C90A9E}"
EndProject
Project("{FAE04EC0-301F-11D3-BF4B-00C04F79EFBC}") = "Apadana.Api", "Apadana.Api\Apadana.Api.csproj", "{F137E00F-EB59-4655-AD59-7139793F0864}"
EndProject
Project("{FAE04EC0-301F-11D3-BF4B-00C04F79EFBC}") = "Apadana.Entities", "Apadana.Entities\Apadana.Entities.csproj", "{2FCB7581-7570-462B-8D4C-1B6C8A9368A9}"
EndProject
Global
	GlobalSection(SolutionConfigurationPlatforms) = preSolution
		Debug|Any CPU = Debug|Any CPU
		Release|Any CPU = Release|Any CPU
	EndGlobalSection
	GlobalSection(ProjectConfigurationPlatforms) = postSolution
		{AE13F09B-9D9B-47D9-A921-0029668285A9}.Debug|Any CPU.ActiveCfg = Debug|Any CPU
		{AE13F09B-9D9B-47D9-A921-0029668285A9}.Debug|Any CPU.Build.0 = Debug|Any CPU
		{AE13F09B-9D9B-47D9-A921-0029668285A9}.Release|Any CPU.ActiveCfg = Release|Any CPU
		{AE13F09B-9D9B-47D9-A921-0029668285A9}.Release|Any CPU.Build.0 = Release|Any CPU
		{C4B0BF3C-768D-48A8-B7B2-0FEB09C90A9E}.Debug|Any CPU.ActiveCfg = Debug|Any CPU
		{C4B0BF3C-768D-48A8-B7B2-0FEB09C90A9E}.Debug|Any CPU.Build.0 = Debug|Any CPU
		{C4B0BF3C-768D-48A8-B7B2-0FEB09C90A9E}.Release|Any CPU.ActiveCfg = Release|Any CPU
		{C4B0BF3C-768D-48A8-B7B2-0FEB09C90A9E}.Release|Any CPU.Build.0 = Release|Any CPU
		{F137E00F-EB59-4655-AD59-7139793F0864}.Debug|Any CPU.ActiveCfg = Debug|Any CPU
		{F137E00F-EB59-4655-AD59-7139793F0864}.Debug|Any CPU.Build.0 = Debug|Any CPU
		{F137E00F-EB59-4655-AD59-7139793F0864}.Release|Any CPU.ActiveCfg = Release|Any CPU
		{F137E00F-EB59-4655-AD59-7139793F0864}.Release|Any CPU.Build.0 = Release|Any CPU
		{2FCB7581-7570-462B-8D4C-1B6C8A9368A9}.Debug|Any CPU.ActiveCfg = Debug|Any CPU
		{2FCB7581-7570-462B-8D4C-1B6C8A9368A9}.Debug|Any CPU.Build.0 = Debug|Any CPU
		{2FCB7581-7570-462B-8D4C-1B6C8A9368A9}.Release|Any CPU.ActiveCfg = Release|Any CPU
		{2FCB7581-7570-462B-8D4C-1B6C8A9368A9}.Release|Any CPU.Build.0 = Release|Any CPU
	EndGlobalSection
	GlobalSection(SolutionProperties) = preSolution
		HideSolutionNode = FALSE
	EndGlobalSection
EndGlobal
